
Microsoft Visual Studio Solution File, Format Version 12.00
# Visual Studio Version 16
VisualStudioVersion = 16.0.33214.272
MinimumVisualStudioVersion = 10.0.40219.1
Project("{FAE04EC0-301F-11D3-BF4B-00C04F79EFBC}") = "2048", "2048\2048.csproj", "{10FCDCA1-6BFE-46F8-A04E-25DC8F783E1B}"
EndProject
Global
	GlobalSection(SolutionConfigurationPlatforms) = preSolution
		Debug|Any CPU = Debug|Any CPU
		Release|Any CPU = Release|Any CPU
	EndGlobalSection
	GlobalSection(ProjectConfigurationPlatforms) = postSolution
		{10FCDCA1-6BFE-46F8-A04E-25DC8F783E1B}.Debug|Any CPU.ActiveCfg = Debug|Any CPU
		{10FCDCA1-6BFE-46F8-A04E-25DC8F783E1B}.Debug|Any CPU.Build.0 = Debug|Any CPU
		{10FCDCA1-6BFE-46F8-A04E-25DC8F783E1B}.Release|Any CPU.ActiveCfg = Release|Any CPU
		{10FCDCA1-6BFE-46F8-A04E-25DC8F783E1B}.Release|Any CPU.Build.0 = Release|Any CPU
	EndGlobalSection
	GlobalSection(SolutionProperties) = preSolution
		HideSolutionNode = FALSE
	EndGlobalSection
	GlobalSection(ExtensibilityGlobals) = postSolution
		SolutionGuid = {4B97E776-976A-4279-BFC6-A32A9C639DBB}
	EndGlobalSection
EndGlobal
