
Microsoft Visual Studio Solution File, Format Version 12.00
# Visual Studio Version 16
VisualStudioVersion = 16.0.33214.272
MinimumVisualStudioVersion = 10.0.40219.1
Project("{FAE04EC0-301F-11D3-BF4B-00C04F79EFBC}") = "2048", "2048\2048.csproj", "{39D499C9-A03B-43CB-885E-56230AC40764}"
EndProject
Global
	GlobalSection(SolutionConfigurationPlatforms) = preSolution
		Debug|Any CPU = Debug|Any CPU
		Release|Any CPU = Release|Any CPU
	EndGlobalSection
	GlobalSection(ProjectConfigurationPlatforms) = postSolution
		{39D499C9-A03B-43CB-885E-56230AC40764}.Debug|Any CPU.ActiveCfg = Debug|Any CPU
		{39D499C9-A03B-43CB-885E-56230AC40764}.Debug|Any CPU.Build.0 = Debug|Any CPU
		{39D499C9-A03B-43CB-885E-56230AC40764}.Release|Any CPU.ActiveCfg = Release|Any CPU
		{39D499C9-A03B-43CB-885E-56230AC40764}.Release|Any CPU.Build.0 = Release|Any CPU
	EndGlobalSection
	GlobalSection(SolutionProperties) = preSolution
		HideSolutionNode = FALSE
	EndGlobalSection
	GlobalSection(ExtensibilityGlobals) = postSolution
		SolutionGuid = {55F1AAB9-D3B7-4B3B-993A-AB4D968D74BF}
	EndGlobalSection
EndGlobal
